// !$*UTF8*$!
{
	archiveVersion = 1;
	classes = {
	};
	objectVersion = 46;
	objects = {

/* Begin PBXBuildFile section */
		87043DE41D2A395100325485 /* xHelper.swift in Sources */ = {isa = PBXBuildFile; fileRef = 87043DE21D2A366800325485 /* xHelper.swift */; };
		87043DEA1D2A39D600325485 /* Cocoa.framework in Frameworks */ = {isa = PBXBuildFile; fileRef = 8730C1291D29E0E2002E5B56 /* Cocoa.framework */; };
		87043DEF1D2A39D600325485 /* xRadixExtension.swift in Sources */ = {isa = PBXBuildFile; fileRef = 87043DEE1D2A39D600325485 /* xRadixExtension.swift */; };
		87043DF11D2A39D600325485 /* xRadixCommand.swift in Sources */ = {isa = PBXBuildFile; fileRef = 87043DF01D2A39D600325485 /* xRadixCommand.swift */; };
		87043DF51D2A39D600325485 /* xRadix.appex in Embed App Extensions */ = {isa = PBXBuildFile; fileRef = 87043DE91D2A39D600325485 /* xRadix.appex */; settings = {ATTRIBUTES = (RemoveHeadersOnCopy, ); }; };
		87043DF91D2A3A0800325485 /* xHelper.swift in Sources */ = {isa = PBXBuildFile; fileRef = 87043DE21D2A366800325485 /* xHelper.swift */; };
		87043DFA1D2A3A0800325485 /* xTextProtocol.swift in Sources */ = {isa = PBXBuildFile; fileRef = 8730C13A1D29E0FB002E5B56 /* xTextProtocol.swift */; };
		87043DFB1D2A3A0800325485 /* xTextMatcher.swift in Sources */ = {isa = PBXBuildFile; fileRef = 8730C13C1D29E21B002E5B56 /* xTextMatcher.swift */; };
		87043DFC1D2A3A0800325485 /* xTextModifier.swift in Sources */ = {isa = PBXBuildFile; fileRef = 87981CCA1D29FE7200F964D7 /* xTextModifier.swift */; };
		87043DFD1D2A3A0800325485 /* xTextCommand.swift in Sources */ = {isa = PBXBuildFile; fileRef = 87981CCD1D2A0F9F00F964D7 /* xTextCommand.swift */; };
		870BF08B1D29E04600214968 /* AppDelegate.swift in Sources */ = {isa = PBXBuildFile; fileRef = 870BF08A1D29E04600214968 /* AppDelegate.swift */; };
		870BF08D1D29E04600214968 /* ViewController.swift in Sources */ = {isa = PBXBuildFile; fileRef = 870BF08C1D29E04600214968 /* ViewController.swift */; };
		870BF08F1D29E04600214968 /* Assets.xcassets in Resources */ = {isa = PBXBuildFile; fileRef = 870BF08E1D29E04600214968 /* Assets.xcassets */; };
		870BF0921D29E04600214968 /* Main.storyboard in Resources */ = {isa = PBXBuildFile; fileRef = 870BF0901D29E04600214968 /* Main.storyboard */; };
		8730C12A1D29E0E2002E5B56 /* Cocoa.framework in Frameworks */ = {isa = PBXBuildFile; fileRef = 8730C1291D29E0E2002E5B56 /* Cocoa.framework */; };
		8730C12F1D29E0E2002E5B56 /* xEncodeExtension.swift in Sources */ = {isa = PBXBuildFile; fileRef = 8730C12E1D29E0E2002E5B56 /* xEncodeExtension.swift */; };
		8730C1311D29E0E2002E5B56 /* xEncodeCommand.swift in Sources */ = {isa = PBXBuildFile; fileRef = 8730C1301D29E0E2002E5B56 /* xEncodeCommand.swift */; };
		8730C1351D29E0E2002E5B56 /* xEncode.appex in Embed App Extensions */ = {isa = PBXBuildFile; fileRef = 8730C1271D29E0E2002E5B56 /* xEncode.appex */; settings = {ATTRIBUTES = (RemoveHeadersOnCopy, ); }; };
		8730C13B1D29E0FB002E5B56 /* xTextProtocol.swift in Sources */ = {isa = PBXBuildFile; fileRef = 8730C13A1D29E0FB002E5B56 /* xTextProtocol.swift */; };
		8730C13D1D29E21B002E5B56 /* xTextMatcher.swift in Sources */ = {isa = PBXBuildFile; fileRef = 8730C13C1D29E21B002E5B56 /* xTextMatcher.swift */; };
		874151E01D2A1AB400BC13F9 /* xEncode.swift in Sources */ = {isa = PBXBuildFile; fileRef = 874151DF1D2A1AB400BC13F9 /* xEncode.swift */; };
		8749ECB91D2A55FD00099B9C /* Cocoa.framework in Frameworks */ = {isa = PBXBuildFile; fileRef = 8730C1291D29E0E2002E5B56 /* Cocoa.framework */; };
		8749ECBE1D2A55FD00099B9C /* xSearchExtension.swift in Sources */ = {isa = PBXBuildFile; fileRef = 8749ECBD1D2A55FD00099B9C /* xSearchExtension.swift */; };
		8749ECC01D2A55FD00099B9C /* xSearchCommand.swift in Sources */ = {isa = PBXBuildFile; fileRef = 8749ECBF1D2A55FD00099B9C /* xSearchCommand.swift */; };
		8749ECC41D2A55FD00099B9C /* xSearch.appex in Embed App Extensions */ = {isa = PBXBuildFile; fileRef = 8749ECB81D2A55FD00099B9C /* xSearch.appex */; settings = {ATTRIBUTES = (RemoveHeadersOnCopy, ); }; };
		8749ECC91D2A56B200099B9C /* xSearch.swift in Sources */ = {isa = PBXBuildFile; fileRef = 8749ECC81D2A56B200099B9C /* xSearch.swift */; };
		8749ECCA1D2A56D600099B9C /* xHelper.swift in Sources */ = {isa = PBXBuildFile; fileRef = 87043DE21D2A366800325485 /* xHelper.swift */; };
		8749ECCB1D2A56D600099B9C /* xTextProtocol.swift in Sources */ = {isa = PBXBuildFile; fileRef = 8730C13A1D29E0FB002E5B56 /* xTextProtocol.swift */; };
		8749ECCC1D2A56D600099B9C /* xTextMatcher.swift in Sources */ = {isa = PBXBuildFile; fileRef = 8730C13C1D29E21B002E5B56 /* xTextMatcher.swift */; };
		8749ECCD1D2A56D600099B9C /* xTextModifier.swift in Sources */ = {isa = PBXBuildFile; fileRef = 87981CCA1D29FE7200F964D7 /* xTextModifier.swift */; };
		8749ECCE1D2A56D600099B9C /* xTextCommand.swift in Sources */ = {isa = PBXBuildFile; fileRef = 87981CCD1D2A0F9F00F964D7 /* xTextCommand.swift */; };
		876345E91D2A3CAF005E24D0 /* xRadix.swift in Sources */ = {isa = PBXBuildFile; fileRef = 876345E81D2A3CAF005E24D0 /* xRadix.swift */; };
		876345EF1D2A48A7005E24D0 /* Cocoa.framework in Frameworks */ = {isa = PBXBuildFile; fileRef = 8730C1291D29E0E2002E5B56 /* Cocoa.framework */; };
		876345F41D2A48A7005E24D0 /* xColorExtension.swift in Sources */ = {isa = PBXBuildFile; fileRef = 876345F31D2A48A7005E24D0 /* xColorExtension.swift */; };
		876345F61D2A48A7005E24D0 /* xColorCommand.swift in Sources */ = {isa = PBXBuildFile; fileRef = 876345F51D2A48A7005E24D0 /* xColorCommand.swift */; };
		876345FA1D2A48A7005E24D0 /* xColor.appex in Embed App Extensions */ = {isa = PBXBuildFile; fileRef = 876345EE1D2A48A7005E24D0 /* xColor.appex */; settings = {ATTRIBUTES = (RemoveHeadersOnCopy, ); }; };
		876345FF1D2A48B7005E24D0 /* xColor.swift in Sources */ = {isa = PBXBuildFile; fileRef = 876345FE1D2A48B7005E24D0 /* xColor.swift */; };
		876346001D2A4927005E24D0 /* xHelper.swift in Sources */ = {isa = PBXBuildFile; fileRef = 87043DE21D2A366800325485 /* xHelper.swift */; };
		876346011D2A4927005E24D0 /* xTextProtocol.swift in Sources */ = {isa = PBXBuildFile; fileRef = 8730C13A1D29E0FB002E5B56 /* xTextProtocol.swift */; };
		876346021D2A4927005E24D0 /* xTextMatcher.swift in Sources */ = {isa = PBXBuildFile; fileRef = 8730C13C1D29E21B002E5B56 /* xTextMatcher.swift */; };
		876346031D2A4927005E24D0 /* xTextModifier.swift in Sources */ = {isa = PBXBuildFile; fileRef = 87981CCA1D29FE7200F964D7 /* xTextModifier.swift */; };
		876346041D2A4927005E24D0 /* xTextCommand.swift in Sources */ = {isa = PBXBuildFile; fileRef = 87981CCD1D2A0F9F00F964D7 /* xTextCommand.swift */; };
		87981CCC1D29FE7600F964D7 /* xTextModifier.swift in Sources */ = {isa = PBXBuildFile; fileRef = 87981CCA1D29FE7200F964D7 /* xTextModifier.swift */; };
		87981CCF1D2A104700F964D7 /* xTextCommand.swift in Sources */ = {isa = PBXBuildFile; fileRef = 87981CCD1D2A0F9F00F964D7 /* xTextCommand.swift */; };
		87E376B21D2A59E200A40FB8 /* Cocoa.framework in Frameworks */ = {isa = PBXBuildFile; fileRef = 8730C1291D29E0E2002E5B56 /* Cocoa.framework */; };
		87E376B71D2A59E200A40FB8 /* xFormatExtension.swift in Sources */ = {isa = PBXBuildFile; fileRef = 87E376B61D2A59E200A40FB8 /* xFormatExtension.swift */; };
		87E376B91D2A59E200A40FB8 /* xFormatCommand.swift in Sources */ = {isa = PBXBuildFile; fileRef = 87E376B81D2A59E200A40FB8 /* xFormatCommand.swift */; };
		87E376BD1D2A59E200A40FB8 /* xFormat.appex in Embed App Extensions */ = {isa = PBXBuildFile; fileRef = 87E376B11D2A59E200A40FB8 /* xFormat.appex */; settings = {ATTRIBUTES = (RemoveHeadersOnCopy, ); }; };
		87E376C61D2A5A4600A40FB8 /* sample.css in Resources */ = {isa = PBXBuildFile; fileRef = 87E376C21D2A5A4600A40FB8 /* sample.css */; };
		87E376C71D2A5A4600A40FB8 /* sample.json in Resources */ = {isa = PBXBuildFile; fileRef = 87E376C31D2A5A4600A40FB8 /* sample.json */; };
		87E376C81D2A5A4600A40FB8 /* sample.sql in Resources */ = {isa = PBXBuildFile; fileRef = 87E376C41D2A5A4600A40FB8 /* sample.sql */; };
		87E376C91D2A5A4600A40FB8 /* sample.xml in Resources */ = {isa = PBXBuildFile; fileRef = 87E376C51D2A5A4600A40FB8 /* sample.xml */; };
		87E376CB1D2A5A6100A40FB8 /* vkbeautify.js in Resources */ = {isa = PBXBuildFile; fileRef = 87E376CA1D2A5A6100A40FB8 /* vkbeautify.js */; };
		87E376CC1D2A5AC000A40FB8 /* xHelper.swift in Sources */ = {isa = PBXBuildFile; fileRef = 87043DE21D2A366800325485 /* xHelper.swift */; };
		87E376CD1D2A5AC000A40FB8 /* xTextProtocol.swift in Sources */ = {isa = PBXBuildFile; fileRef = 8730C13A1D29E0FB002E5B56 /* xTextProtocol.swift */; };
		87E376CE1D2A5AC000A40FB8 /* xTextMatcher.swift in Sources */ = {isa = PBXBuildFile; fileRef = 8730C13C1D29E21B002E5B56 /* xTextMatcher.swift */; };
		87E376CF1D2A5AC000A40FB8 /* xTextModifier.swift in Sources */ = {isa = PBXBuildFile; fileRef = 87981CCA1D29FE7200F964D7 /* xTextModifier.swift */; };
		87E376D01D2A5AC000A40FB8 /* xTextCommand.swift in Sources */ = {isa = PBXBuildFile; fileRef = 87981CCD1D2A0F9F00F964D7 /* xTextCommand.swift */; };
		87E376D21D2A5AE900A40FB8 /* xFormat.swift in Sources */ = {isa = PBXBuildFile; fileRef = 87E376D11D2A5AE900A40FB8 /* xFormat.swift */; };
/* End PBXBuildFile section */

/* Begin PBXContainerItemProxy section */
		87043DF31D2A39D600325485 /* PBXContainerItemProxy */ = {
			isa = PBXContainerItemProxy;
			containerPortal = 870BF07F1D29E04600214968 /* Project object */;
			proxyType = 1;
			remoteGlobalIDString = 87043DE81D2A39D600325485;
			remoteInfo = xRadix;
		};
		8730C1331D29E0E2002E5B56 /* PBXContainerItemProxy */ = {
			isa = PBXContainerItemProxy;
			containerPortal = 870BF07F1D29E04600214968 /* Project object */;
			proxyType = 1;
			remoteGlobalIDString = 8730C1261D29E0E2002E5B56;
			remoteInfo = xEncode;
		};
		8749ECC21D2A55FD00099B9C /* PBXContainerItemProxy */ = {
			isa = PBXContainerItemProxy;
			containerPortal = 870BF07F1D29E04600214968 /* Project object */;
			proxyType = 1;
			remoteGlobalIDString = 8749ECB71D2A55FD00099B9C;
			remoteInfo = xSearch;
		};
		876345F81D2A48A7005E24D0 /* PBXContainerItemProxy */ = {
			isa = PBXContainerItemProxy;
			containerPortal = 870BF07F1D29E04600214968 /* Project object */;
			proxyType = 1;
			remoteGlobalIDString = 876345ED1D2A48A7005E24D0;
			remoteInfo = xColor;
		};
		87E376BB1D2A59E200A40FB8 /* PBXContainerItemProxy */ = {
			isa = PBXContainerItemProxy;
			containerPortal = 870BF07F1D29E04600214968 /* Project object */;
			proxyType = 1;
			remoteGlobalIDString = 87E376B01D2A59E200A40FB8;
			remoteInfo = xFormat;
		};
/* End PBXContainerItemProxy section */

/* Begin PBXCopyFilesBuildPhase section */
		8730C1391D29E0E2002E5B56 /* Embed App Extensions */ = {
			isa = PBXCopyFilesBuildPhase;
			buildActionMask = 2147483647;
			dstPath = "";
			dstSubfolderSpec = 13;
			files = (
				87043DF51D2A39D600325485 /* xRadix.appex in Embed App Extensions */,
				8730C1351D29E0E2002E5B56 /* xEncode.appex in Embed App Extensions */,
				87E376BD1D2A59E200A40FB8 /* xFormat.appex in Embed App Extensions */,
				876345FA1D2A48A7005E24D0 /* xColor.appex in Embed App Extensions */,
				8749ECC41D2A55FD00099B9C /* xSearch.appex in Embed App Extensions */,
			);
			name = "Embed App Extensions";
			runOnlyForDeploymentPostprocessing = 0;
		};
/* End PBXCopyFilesBuildPhase section */

/* Begin PBXFileReference section */
		87043DE21D2A366800325485 /* xHelper.swift */ = {isa = PBXFileReference; fileEncoding = 4; lastKnownFileType = sourcecode.swift; path = xHelper.swift; sourceTree = "<group>"; };
		87043DE91D2A39D600325485 /* xRadix.appex */ = {isa = PBXFileReference; explicitFileType = "wrapper.app-extension"; includeInIndex = 0; path = xRadix.appex; sourceTree = BUILT_PRODUCTS_DIR; };
		87043DED1D2A39D600325485 /* xRadix.entitlements */ = {isa = PBXFileReference; lastKnownFileType = text.xml; path = xRadix.entitlements; sourceTree = "<group>"; };
		87043DEE1D2A39D600325485 /* xRadixExtension.swift */ = {isa = PBXFileReference; lastKnownFileType = sourcecode.swift; path = xRadixExtension.swift; sourceTree = "<group>"; };
		87043DF01D2A39D600325485 /* xRadixCommand.swift */ = {isa = PBXFileReference; lastKnownFileType = sourcecode.swift; path = xRadixCommand.swift; sourceTree = "<group>"; };
		87043DF21D2A39D600325485 /* Info.plist */ = {isa = PBXFileReference; lastKnownFileType = text.plist.xml; path = Info.plist; sourceTree = "<group>"; };
		870BF0871D29E04600214968 /* xTextHandler.app */ = {isa = PBXFileReference; explicitFileType = wrapper.application; includeInIndex = 0; path = xTextHandler.app; sourceTree = BUILT_PRODUCTS_DIR; };
		870BF08A1D29E04600214968 /* AppDelegate.swift */ = {isa = PBXFileReference; lastKnownFileType = sourcecode.swift; path = AppDelegate.swift; sourceTree = "<group>"; };
		870BF08C1D29E04600214968 /* ViewController.swift */ = {isa = PBXFileReference; lastKnownFileType = sourcecode.swift; path = ViewController.swift; sourceTree = "<group>"; };
		870BF08E1D29E04600214968 /* Assets.xcassets */ = {isa = PBXFileReference; lastKnownFileType = folder.assetcatalog; path = Assets.xcassets; sourceTree = "<group>"; };
		870BF0911D29E04600214968 /* Base */ = {isa = PBXFileReference; lastKnownFileType = file.storyboard; name = Base; path = Base.lproj/Main.storyboard; sourceTree = "<group>"; };
		870BF0931D29E04600214968 /* Info.plist */ = {isa = PBXFileReference; lastKnownFileType = text.plist.xml; path = Info.plist; sourceTree = "<group>"; };
		872913281D2A21B6001F65C2 /* xEncode-Bridging-Header.h */ = {isa = PBXFileReference; lastKnownFileType = sourcecode.c.h; path = "xEncode-Bridging-Header.h"; sourceTree = "<group>"; };
		8730C1271D29E0E2002E5B56 /* xEncode.appex */ = {isa = PBXFileReference; explicitFileType = "wrapper.app-extension"; includeInIndex = 0; path = xEncode.appex; sourceTree = BUILT_PRODUCTS_DIR; };
		8730C1291D29E0E2002E5B56 /* Cocoa.framework */ = {isa = PBXFileReference; lastKnownFileType = wrapper.framework; name = Cocoa.framework; path = System/Library/Frameworks/Cocoa.framework; sourceTree = SDKROOT; };
		8730C12D1D29E0E2002E5B56 /* xEncode.entitlements */ = {isa = PBXFileReference; lastKnownFileType = text.xml; path = xEncode.entitlements; sourceTree = "<group>"; };
		8730C12E1D29E0E2002E5B56 /* xEncodeExtension.swift */ = {isa = PBXFileReference; lastKnownFileType = sourcecode.swift; path = xEncodeExtension.swift; sourceTree = "<group>"; };
		8730C1301D29E0E2002E5B56 /* xEncodeCommand.swift */ = {isa = PBXFileReference; lastKnownFileType = sourcecode.swift; path = xEncodeCommand.swift; sourceTree = "<group>"; };
		8730C1321D29E0E2002E5B56 /* Info.plist */ = {isa = PBXFileReference; lastKnownFileType = text.plist.xml; path = Info.plist; sourceTree = "<group>"; };
		8730C13A1D29E0FB002E5B56 /* xTextProtocol.swift */ = {isa = PBXFileReference; fileEncoding = 4; lastKnownFileType = sourcecode.swift; path = xTextProtocol.swift; sourceTree = "<group>"; };
		8730C13C1D29E21B002E5B56 /* xTextMatcher.swift */ = {isa = PBXFileReference; fileEncoding = 4; lastKnownFileType = sourcecode.swift; path = xTextMatcher.swift; sourceTree = "<group>"; };
		874151DF1D2A1AB400BC13F9 /* xEncode.swift */ = {isa = PBXFileReference; fileEncoding = 4; lastKnownFileType = sourcecode.swift; path = xEncode.swift; sourceTree = "<group>"; };
		8749ECB81D2A55FD00099B9C /* xSearch.appex */ = {isa = PBXFileReference; explicitFileType = "wrapper.app-extension"; includeInIndex = 0; path = xSearch.appex; sourceTree = BUILT_PRODUCTS_DIR; };
		8749ECBC1D2A55FD00099B9C /* xSearch.entitlements */ = {isa = PBXFileReference; lastKnownFileType = text.xml; path = xSearch.entitlements; sourceTree = "<group>"; };
		8749ECBD1D2A55FD00099B9C /* xSearchExtension.swift */ = {isa = PBXFileReference; lastKnownFileType = sourcecode.swift; path = xSearchExtension.swift; sourceTree = "<group>"; };
		8749ECBF1D2A55FD00099B9C /* xSearchCommand.swift */ = {isa = PBXFileReference; lastKnownFileType = sourcecode.swift; path = xSearchCommand.swift; sourceTree = "<group>"; };
		8749ECC11D2A55FD00099B9C /* Info.plist */ = {isa = PBXFileReference; lastKnownFileType = text.plist.xml; path = Info.plist; sourceTree = "<group>"; };
		8749ECC81D2A56B200099B9C /* xSearch.swift */ = {isa = PBXFileReference; fileEncoding = 4; lastKnownFileType = sourcecode.swift; path = xSearch.swift; sourceTree = "<group>"; };
		876345E81D2A3CAF005E24D0 /* xRadix.swift */ = {isa = PBXFileReference; fileEncoding = 4; lastKnownFileType = sourcecode.swift; path = xRadix.swift; sourceTree = "<group>"; };
		876345EE1D2A48A7005E24D0 /* xColor.appex */ = {isa = PBXFileReference; explicitFileType = "wrapper.app-extension"; includeInIndex = 0; path = xColor.appex; sourceTree = BUILT_PRODUCTS_DIR; };
		876345F21D2A48A7005E24D0 /* xColor.entitlements */ = {isa = PBXFileReference; lastKnownFileType = text.xml; path = xColor.entitlements; sourceTree = "<group>"; };
		876345F31D2A48A7005E24D0 /* xColorExtension.swift */ = {isa = PBXFileReference; lastKnownFileType = sourcecode.swift; path = xColorExtension.swift; sourceTree = "<group>"; };
		876345F51D2A48A7005E24D0 /* xColorCommand.swift */ = {isa = PBXFileReference; lastKnownFileType = sourcecode.swift; path = xColorCommand.swift; sourceTree = "<group>"; };
		876345F71D2A48A7005E24D0 /* Info.plist */ = {isa = PBXFileReference; lastKnownFileType = text.plist.xml; path = Info.plist; sourceTree = "<group>"; };
		876345FE1D2A48B7005E24D0 /* xColor.swift */ = {isa = PBXFileReference; fileEncoding = 4; lastKnownFileType = sourcecode.swift; path = xColor.swift; sourceTree = "<group>"; };
		87981CCA1D29FE7200F964D7 /* xTextModifier.swift */ = {isa = PBXFileReference; fileEncoding = 4; lastKnownFileType = sourcecode.swift; path = xTextModifier.swift; sourceTree = "<group>"; };
		87981CCD1D2A0F9F00F964D7 /* xTextCommand.swift */ = {isa = PBXFileReference; fileEncoding = 4; lastKnownFileType = sourcecode.swift; path = xTextCommand.swift; sourceTree = "<group>"; };
		87E376B11D2A59E200A40FB8 /* xFormat.appex */ = {isa = PBXFileReference; explicitFileType = "wrapper.app-extension"; includeInIndex = 0; path = xFormat.appex; sourceTree = BUILT_PRODUCTS_DIR; };
		87E376B51D2A59E200A40FB8 /* xFormat.entitlements */ = {isa = PBXFileReference; lastKnownFileType = text.xml; path = xFormat.entitlements; sourceTree = "<group>"; };
		87E376B61D2A59E200A40FB8 /* xFormatExtension.swift */ = {isa = PBXFileReference; lastKnownFileType = sourcecode.swift; path = xFormatExtension.swift; sourceTree = "<group>"; };
		87E376B81D2A59E200A40FB8 /* xFormatCommand.swift */ = {isa = PBXFileReference; lastKnownFileType = sourcecode.swift; path = xFormatCommand.swift; sourceTree = "<group>"; };
		87E376BA1D2A59E200A40FB8 /* Info.plist */ = {isa = PBXFileReference; lastKnownFileType = text.plist.xml; path = Info.plist; sourceTree = "<group>"; };
		87E376C21D2A5A4600A40FB8 /* sample.css */ = {isa = PBXFileReference; fileEncoding = 4; lastKnownFileType = text.css; path = sample.css; sourceTree = "<group>"; };
		87E376C31D2A5A4600A40FB8 /* sample.json */ = {isa = PBXFileReference; fileEncoding = 4; lastKnownFileType = text.json; path = sample.json; sourceTree = "<group>"; };
		87E376C41D2A5A4600A40FB8 /* sample.sql */ = {isa = PBXFileReference; fileEncoding = 4; lastKnownFileType = text; path = sample.sql; sourceTree = "<group>"; };
		87E376C51D2A5A4600A40FB8 /* sample.xml */ = {isa = PBXFileReference; fileEncoding = 4; lastKnownFileType = text.xml; path = sample.xml; sourceTree = "<group>"; };
		87E376CA1D2A5A6100A40FB8 /* vkbeautify.js */ = {isa = PBXFileReference; fileEncoding = 4; lastKnownFileType = sourcecode.javascript; path = vkbeautify.js; sourceTree = "<group>"; };
		87E376D11D2A5AE900A40FB8 /* xFormat.swift */ = {isa = PBXFileReference; fileEncoding = 4; lastKnownFileType = sourcecode.swift; path = xFormat.swift; sourceTree = "<group>"; };
/* End PBXFileReference section */

/* Begin PBXFrameworksBuildPhase section */
		87043DE61D2A39D600325485 /* Frameworks */ = {
			isa = PBXFrameworksBuildPhase;
			buildActionMask = 2147483647;
			files = (
				87043DEA1D2A39D600325485 /* Cocoa.framework in Frameworks */,
			);
			runOnlyForDeploymentPostprocessing = 0;
		};
		870BF0841D29E04600214968 /* Frameworks */ = {
			isa = PBXFrameworksBuildPhase;
			buildActionMask = 2147483647;
			files = (
			);
			runOnlyForDeploymentPostprocessing = 0;
		};
		8730C1241D29E0E2002E5B56 /* Frameworks */ = {
			isa = PBXFrameworksBuildPhase;
			buildActionMask = 2147483647;
			files = (
				8730C12A1D29E0E2002E5B56 /* Cocoa.framework in Frameworks */,
			);
			runOnlyForDeploymentPostprocessing = 0;
		};
		8749ECB51D2A55FD00099B9C /* Frameworks */ = {
			isa = PBXFrameworksBuildPhase;
			buildActionMask = 2147483647;
			files = (
				8749ECB91D2A55FD00099B9C /* Cocoa.framework in Frameworks */,
			);
			runOnlyForDeploymentPostprocessing = 0;
		};
		876345EB1D2A48A7005E24D0 /* Frameworks */ = {
			isa = PBXFrameworksBuildPhase;
			buildActionMask = 2147483647;
			files = (
				876345EF1D2A48A7005E24D0 /* Cocoa.framework in Frameworks */,
			);
			runOnlyForDeploymentPostprocessing = 0;
		};
		87E376AE1D2A59E200A40FB8 /* Frameworks */ = {
			isa = PBXFrameworksBuildPhase;
			buildActionMask = 2147483647;
			files = (
				87E376B21D2A59E200A40FB8 /* Cocoa.framework in Frameworks */,
			);
			runOnlyForDeploymentPostprocessing = 0;
		};
/* End PBXFrameworksBuildPhase section */

/* Begin PBXGroup section */
		87043DEB1D2A39D600325485 /* xRadix */ = {
			isa = PBXGroup;
			children = (
				876345E81D2A3CAF005E24D0 /* xRadix.swift */,
				87043DEE1D2A39D600325485 /* xRadixExtension.swift */,
				87043DF01D2A39D600325485 /* xRadixCommand.swift */,
				87043DEC1D2A39D600325485 /* Supporting Files */,
			);
			path = xRadix;
			sourceTree = "<group>";
		};
		87043DEC1D2A39D600325485 /* Supporting Files */ = {
			isa = PBXGroup;
			children = (
				87043DF21D2A39D600325485 /* Info.plist */,
				87043DED1D2A39D600325485 /* xRadix.entitlements */,
			);
			name = "Supporting Files";
			sourceTree = "<group>";
		};
		870BF07E1D29E04600214968 = {
			isa = PBXGroup;
			children = (
				8730C1201D29E0A8002E5B56 /* xLibrary */,
				870BF0891D29E04600214968 /* xTextHandler */,
				8730C12B1D29E0E2002E5B56 /* xEncode */,
				87043DEB1D2A39D600325485 /* xRadix */,
				876345F01D2A48A7005E24D0 /* xColor */,
				8749ECBA1D2A55FD00099B9C /* xSearch */,
				87E376B31D2A59E200A40FB8 /* xFormat */,
				8730C1281D29E0E2002E5B56 /* Frameworks */,
				870BF0881D29E04600214968 /* Products */,
			);
			sourceTree = "<group>";
		};
		870BF0881D29E04600214968 /* Products */ = {
			isa = PBXGroup;
			children = (
				870BF0871D29E04600214968 /* xTextHandler.app */,
				8730C1271D29E0E2002E5B56 /* xEncode.appex */,
				87043DE91D2A39D600325485 /* xRadix.appex */,
				876345EE1D2A48A7005E24D0 /* xColor.appex */,
				8749ECB81D2A55FD00099B9C /* xSearch.appex */,
				87E376B11D2A59E200A40FB8 /* xFormat.appex */,
			);
			name = Products;
			sourceTree = "<group>";
		};
		870BF0891D29E04600214968 /* xTextHandler */ = {
			isa = PBXGroup;
			children = (
				870BF08A1D29E04600214968 /* AppDelegate.swift */,
				870BF08C1D29E04600214968 /* ViewController.swift */,
				8730C11F1D29E07C002E5B56 /* Supporting Files */,
			);
			path = xTextHandler;
			sourceTree = "<group>";
		};
		8730C11F1D29E07C002E5B56 /* Supporting Files */ = {
			isa = PBXGroup;
			children = (
				870BF08E1D29E04600214968 /* Assets.xcassets */,
				870BF0901D29E04600214968 /* Main.storyboard */,
				870BF0931D29E04600214968 /* Info.plist */,
			);
			name = "Supporting Files";
			sourceTree = "<group>";
		};
		8730C1201D29E0A8002E5B56 /* xLibrary */ = {
			isa = PBXGroup;
			children = (
				87043DE21D2A366800325485 /* xHelper.swift */,
				8730C13A1D29E0FB002E5B56 /* xTextProtocol.swift */,
				8730C13C1D29E21B002E5B56 /* xTextMatcher.swift */,
				87981CCA1D29FE7200F964D7 /* xTextModifier.swift */,
				87981CCD1D2A0F9F00F964D7 /* xTextCommand.swift */,
			);
			path = xLibrary;
			sourceTree = "<group>";
		};
		8730C1281D29E0E2002E5B56 /* Frameworks */ = {
			isa = PBXGroup;
			children = (
				8730C1291D29E0E2002E5B56 /* Cocoa.framework */,
			);
			name = Frameworks;
			sourceTree = "<group>";
		};
		8730C12B1D29E0E2002E5B56 /* xEncode */ = {
			isa = PBXGroup;
			children = (
				874151DF1D2A1AB400BC13F9 /* xEncode.swift */,
				8730C12E1D29E0E2002E5B56 /* xEncodeExtension.swift */,
				8730C1301D29E0E2002E5B56 /* xEncodeCommand.swift */,
				8730C12C1D29E0E2002E5B56 /* Supporting Files */,
			);
			path = xEncode;
			sourceTree = "<group>";
		};
		8730C12C1D29E0E2002E5B56 /* Supporting Files */ = {
			isa = PBXGroup;
			children = (
				872913281D2A21B6001F65C2 /* xEncode-Bridging-Header.h */,
				8730C1321D29E0E2002E5B56 /* Info.plist */,
				8730C12D1D29E0E2002E5B56 /* xEncode.entitlements */,
			);
			name = "Supporting Files";
			sourceTree = "<group>";
		};
		8749ECBA1D2A55FD00099B9C /* xSearch */ = {
			isa = PBXGroup;
			children = (
				8749ECC81D2A56B200099B9C /* xSearch.swift */,
				8749ECBD1D2A55FD00099B9C /* xSearchExtension.swift */,
				8749ECBF1D2A55FD00099B9C /* xSearchCommand.swift */,
				8749ECBB1D2A55FD00099B9C /* Supporting Files */,
			);
			path = xSearch;
			sourceTree = "<group>";
		};
		8749ECBB1D2A55FD00099B9C /* Supporting Files */ = {
			isa = PBXGroup;
			children = (
				8749ECC11D2A55FD00099B9C /* Info.plist */,
				8749ECBC1D2A55FD00099B9C /* xSearch.entitlements */,
			);
			name = "Supporting Files";
			sourceTree = "<group>";
		};
		876345F01D2A48A7005E24D0 /* xColor */ = {
			isa = PBXGroup;
			children = (
				876345FE1D2A48B7005E24D0 /* xColor.swift */,
				876345F31D2A48A7005E24D0 /* xColorExtension.swift */,
				876345F51D2A48A7005E24D0 /* xColorCommand.swift */,
				876345F11D2A48A7005E24D0 /* Supporting Files */,
			);
			path = xColor;
			sourceTree = "<group>";
		};
		876345F11D2A48A7005E24D0 /* Supporting Files */ = {
			isa = PBXGroup;
			children = (
				876345F71D2A48A7005E24D0 /* Info.plist */,
				876345F21D2A48A7005E24D0 /* xColor.entitlements */,
			);
			name = "Supporting Files";
			sourceTree = "<group>";
		};
		87E376B31D2A59E200A40FB8 /* xFormat */ = {
			isa = PBXGroup;
			children = (
				87E376D11D2A5AE900A40FB8 /* xFormat.swift */,
				87E376B61D2A59E200A40FB8 /* xFormatExtension.swift */,
				87E376B81D2A59E200A40FB8 /* xFormatCommand.swift */,
				87E376C11D2A5A4600A40FB8 /* Sample */,
				87E376B41D2A59E200A40FB8 /* Supporting Files */,
			);
			path = xFormat;
			sourceTree = "<group>";
		};
		87E376B41D2A59E200A40FB8 /* Supporting Files */ = {
			isa = PBXGroup;
			children = (
				87E376CA1D2A5A6100A40FB8 /* vkbeautify.js */,
				87E376BA1D2A59E200A40FB8 /* Info.plist */,
				87E376B51D2A59E200A40FB8 /* xFormat.entitlements */,
			);
			name = "Supporting Files";
			sourceTree = "<group>";
		};
		87E376C11D2A5A4600A40FB8 /* Sample */ = {
			isa = PBXGroup;
			children = (
				87E376C31D2A5A4600A40FB8 /* sample.json */,
				87E376C51D2A5A4600A40FB8 /* sample.xml */,
				87E376C21D2A5A4600A40FB8 /* sample.css */,
				87E376C41D2A5A4600A40FB8 /* sample.sql */,
			);
			path = Sample;
			sourceTree = "<group>";
		};
/* End PBXGroup section */

/* Begin PBXNativeTarget section */
		87043DE81D2A39D600325485 /* xRadix */ = {
			isa = PBXNativeTarget;
			buildConfigurationList = 87043DF61D2A39D600325485 /* Build configuration list for PBXNativeTarget "xRadix" */;
			buildPhases = (
				87043DE51D2A39D600325485 /* Sources */,
				87043DE61D2A39D600325485 /* Frameworks */,
				87043DE71D2A39D600325485 /* Resources */,
			);
			buildRules = (
			);
			dependencies = (
			);
			name = xRadix;
			productName = xRadix;
			productReference = 87043DE91D2A39D600325485 /* xRadix.appex */;
			productType = "com.apple.product-type.xcode-extension";
		};
		870BF0861D29E04600214968 /* xTextHandler */ = {
			isa = PBXNativeTarget;
			buildConfigurationList = 870BF0961D29E04600214968 /* Build configuration list for PBXNativeTarget "xTextHandler" */;
			buildPhases = (
				870BF0831D29E04600214968 /* Sources */,
				870BF0841D29E04600214968 /* Frameworks */,
				870BF0851D29E04600214968 /* Resources */,
				8730C1391D29E0E2002E5B56 /* Embed App Extensions */,
			);
			buildRules = (
			);
			dependencies = (
				8730C1341D29E0E2002E5B56 /* PBXTargetDependency */,
				87043DF41D2A39D600325485 /* PBXTargetDependency */,
				876345F91D2A48A7005E24D0 /* PBXTargetDependency */,
				8749ECC31D2A55FD00099B9C /* PBXTargetDependency */,
				87E376BC1D2A59E200A40FB8 /* PBXTargetDependency */,
			);
			name = xTextHandler;
			productName = xTextHandler;
			productReference = 870BF0871D29E04600214968 /* xTextHandler.app */;
			productType = "com.apple.product-type.application";
		};
		8730C1261D29E0E2002E5B56 /* xEncode */ = {
			isa = PBXNativeTarget;
			buildConfigurationList = 8730C1361D29E0E2002E5B56 /* Build configuration list for PBXNativeTarget "xEncode" */;
			buildPhases = (
				8730C1231D29E0E2002E5B56 /* Sources */,
				8730C1241D29E0E2002E5B56 /* Frameworks */,
				8730C1251D29E0E2002E5B56 /* Resources */,
			);
			buildRules = (
			);
			dependencies = (
			);
			name = xEncode;
			productName = xEncode;
			productReference = 8730C1271D29E0E2002E5B56 /* xEncode.appex */;
			productType = "com.apple.product-type.xcode-extension";
		};
		8749ECB71D2A55FD00099B9C /* xSearch */ = {
			isa = PBXNativeTarget;
			buildConfigurationList = 8749ECC71D2A55FD00099B9C /* Build configuration list for PBXNativeTarget "xSearch" */;
			buildPhases = (
				8749ECB41D2A55FD00099B9C /* Sources */,
				8749ECB51D2A55FD00099B9C /* Frameworks */,
				8749ECB61D2A55FD00099B9C /* Resources */,
			);
			buildRules = (
			);
			dependencies = (
			);
			name = xSearch;
			productName = xSearch;
			productReference = 8749ECB81D2A55FD00099B9C /* xSearch.appex */;
			productType = "com.apple.product-type.xcode-extension";
		};
		876345ED1D2A48A7005E24D0 /* xColor */ = {
			isa = PBXNativeTarget;
			buildConfigurationList = 876345FB1D2A48A7005E24D0 /* Build configuration list for PBXNativeTarget "xColor" */;
			buildPhases = (
				876345EA1D2A48A7005E24D0 /* Sources */,
				876345EB1D2A48A7005E24D0 /* Frameworks */,
				876345EC1D2A48A7005E24D0 /* Resources */,
			);
			buildRules = (
			);
			dependencies = (
			);
			name = xColor;
			productName = xColor;
			productReference = 876345EE1D2A48A7005E24D0 /* xColor.appex */;
			productType = "com.apple.product-type.xcode-extension";
		};
		87E376B01D2A59E200A40FB8 /* xFormat */ = {
			isa = PBXNativeTarget;
			buildConfigurationList = 87E376C01D2A59E200A40FB8 /* Build configuration list for PBXNativeTarget "xFormat" */;
			buildPhases = (
				87E376AD1D2A59E200A40FB8 /* Sources */,
				87E376AE1D2A59E200A40FB8 /* Frameworks */,
				87E376AF1D2A59E200A40FB8 /* Resources */,
			);
			buildRules = (
			);
			dependencies = (
			);
			name = xFormat;
			productName = xFormat;
			productReference = 87E376B11D2A59E200A40FB8 /* xFormat.appex */;
			productType = "com.apple.product-type.xcode-extension";
		};
/* End PBXNativeTarget section */

/* Begin PBXProject section */
		870BF07F1D29E04600214968 /* Project object */ = {
			isa = PBXProject;
			attributes = {
				LastSwiftUpdateCheck = 0800;
				LastUpgradeCheck = 0800;
				ORGANIZATIONNAME = cyan;
				TargetAttributes = {
					87043DE81D2A39D600325485 = {
						CreatedOnToolsVersion = 8.0;
						DevelopmentTeam = TCKG8FBVG6;
						DevelopmentTeamName = "YING ZHONG";
						ProvisioningStyle = Automatic;
					};
					870BF0861D29E04600214968 = {
						CreatedOnToolsVersion = 8.0;
						DevelopmentTeam = TCKG8FBVG6;
						DevelopmentTeamName = "YING ZHONG";
						LastSwiftMigration = 0800;
						ProvisioningStyle = Automatic;
					};
					8730C1261D29E0E2002E5B56 = {
						CreatedOnToolsVersion = 8.0;
						DevelopmentTeam = TCKG8FBVG6;
						DevelopmentTeamName = "YING ZHONG";
						LastSwiftMigration = 0800;
						ProvisioningStyle = Automatic;
					};
					8749ECB71D2A55FD00099B9C = {
						CreatedOnToolsVersion = 8.0;
						DevelopmentTeam = TCKG8FBVG6;
						DevelopmentTeamName = "YING ZHONG";
						ProvisioningStyle = Automatic;
					};
					876345ED1D2A48A7005E24D0 = {
						CreatedOnToolsVersion = 8.0;
						DevelopmentTeam = TCKG8FBVG6;
						DevelopmentTeamName = "YING ZHONG";
						ProvisioningStyle = Automatic;
					};
					87E376B01D2A59E200A40FB8 = {
						CreatedOnToolsVersion = 8.0;
						DevelopmentTeam = TCKG8FBVG6;
						DevelopmentTeamName = "YING ZHONG";
						ProvisioningStyle = Automatic;
					};
				};
			};
			buildConfigurationList = 870BF0821D29E04600214968 /* Build configuration list for PBXProject "xTextHandler" */;
			compatibilityVersion = "Xcode 3.2";
			developmentRegion = English;
			hasScannedForEncodings = 0;
			knownRegions = (
				en,
				Base,
			);
			mainGroup = 870BF07E1D29E04600214968;
			productRefGroup = 870BF0881D29E04600214968 /* Products */;
			projectDirPath = "";
			projectRoot = "";
			targets = (
				870BF0861D29E04600214968 /* xTextHandler */,
				8730C1261D29E0E2002E5B56 /* xEncode */,
				87043DE81D2A39D600325485 /* xRadix */,
				876345ED1D2A48A7005E24D0 /* xColor */,
				8749ECB71D2A55FD00099B9C /* xSearch */,
				87E376B01D2A59E200A40FB8 /* xFormat */,
			);
		};
/* End PBXProject section */

/* Begin PBXResourcesBuildPhase section */
		87043DE71D2A39D600325485 /* Resources */ = {
			isa = PBXResourcesBuildPhase;
			buildActionMask = 2147483647;
			files = (
			);
			runOnlyForDeploymentPostprocessing = 0;
		};
		870BF0851D29E04600214968 /* Resources */ = {
			isa = PBXResourcesBuildPhase;
			buildActionMask = 2147483647;
			files = (
				870BF08F1D29E04600214968 /* Assets.xcassets in Resources */,
				870BF0921D29E04600214968 /* Main.storyboard in Resources */,
			);
			runOnlyForDeploymentPostprocessing = 0;
		};
		8730C1251D29E0E2002E5B56 /* Resources */ = {
			isa = PBXResourcesBuildPhase;
			buildActionMask = 2147483647;
			files = (
			);
			runOnlyForDeploymentPostprocessing = 0;
		};
		8749ECB61D2A55FD00099B9C /* Resources */ = {
			isa = PBXResourcesBuildPhase;
			buildActionMask = 2147483647;
			files = (
			);
			runOnlyForDeploymentPostprocessing = 0;
		};
		876345EC1D2A48A7005E24D0 /* Resources */ = {
			isa = PBXResourcesBuildPhase;
			buildActionMask = 2147483647;
			files = (
			);
			runOnlyForDeploymentPostprocessing = 0;
		};
		87E376AF1D2A59E200A40FB8 /* Resources */ = {
			isa = PBXResourcesBuildPhase;
			buildActionMask = 2147483647;
			files = (
				87E376C81D2A5A4600A40FB8 /* sample.sql in Resources */,
				87E376CB1D2A5A6100A40FB8 /* vkbeautify.js in Resources */,
				87E376C61D2A5A4600A40FB8 /* sample.css in Resources */,
				87E376C71D2A5A4600A40FB8 /* sample.json in Resources */,
				87E376C91D2A5A4600A40FB8 /* sample.xml in Resources */,
			);
			runOnlyForDeploymentPostprocessing = 0;
		};
/* End PBXResourcesBuildPhase section */

/* Begin PBXSourcesBuildPhase section */
		87043DE51D2A39D600325485 /* Sources */ = {
			isa = PBXSourcesBuildPhase;
			buildActionMask = 2147483647;
			files = (
				87043DEF1D2A39D600325485 /* xRadixExtension.swift in Sources */,
				87043DFB1D2A3A0800325485 /* xTextMatcher.swift in Sources */,
				87043DFA1D2A3A0800325485 /* xTextProtocol.swift in Sources */,
				87043DFD1D2A3A0800325485 /* xTextCommand.swift in Sources */,
				87043DF11D2A39D600325485 /* xRadixCommand.swift in Sources */,
				87043DFC1D2A3A0800325485 /* xTextModifier.swift in Sources */,
				87043DF91D2A3A0800325485 /* xHelper.swift in Sources */,
				876345E91D2A3CAF005E24D0 /* xRadix.swift in Sources */,
			);
			runOnlyForDeploymentPostprocessing = 0;
		};
		870BF0831D29E04600214968 /* Sources */ = {
			isa = PBXSourcesBuildPhase;
			buildActionMask = 2147483647;
			files = (
				870BF08D1D29E04600214968 /* ViewController.swift in Sources */,
				870BF08B1D29E04600214968 /* AppDelegate.swift in Sources */,
			);
			runOnlyForDeploymentPostprocessing = 0;
		};
		8730C1231D29E0E2002E5B56 /* Sources */ = {
			isa = PBXSourcesBuildPhase;
			buildActionMask = 2147483647;
			files = (
				87043DE41D2A395100325485 /* xHelper.swift in Sources */,
				8730C13B1D29E0FB002E5B56 /* xTextProtocol.swift in Sources */,
				8730C12F1D29E0E2002E5B56 /* xEncodeExtension.swift in Sources */,
				8730C13D1D29E21B002E5B56 /* xTextMatcher.swift in Sources */,
				87981CCF1D2A104700F964D7 /* xTextCommand.swift in Sources */,
				8730C1311D29E0E2002E5B56 /* xEncodeCommand.swift in Sources */,
				87981CCC1D29FE7600F964D7 /* xTextModifier.swift in Sources */,
				874151E01D2A1AB400BC13F9 /* xEncode.swift in Sources */,
			);
			runOnlyForDeploymentPostprocessing = 0;
		};
		8749ECB41D2A55FD00099B9C /* Sources */ = {
			isa = PBXSourcesBuildPhase;
			buildActionMask = 2147483647;
			files = (
				8749ECCD1D2A56D600099B9C /* xTextModifier.swift in Sources */,
				8749ECCE1D2A56D600099B9C /* xTextCommand.swift in Sources */,
				8749ECCC1D2A56D600099B9C /* xTextMatcher.swift in Sources */,
				8749ECCA1D2A56D600099B9C /* xHelper.swift in Sources */,
				8749ECBE1D2A55FD00099B9C /* xSearchExtension.swift in Sources */,
				8749ECC91D2A56B200099B9C /* xSearch.swift in Sources */,
				8749ECC01D2A55FD00099B9C /* xSearchCommand.swift in Sources */,
				8749ECCB1D2A56D600099B9C /* xTextProtocol.swift in Sources */,
			);
			runOnlyForDeploymentPostprocessing = 0;
		};
		876345EA1D2A48A7005E24D0 /* Sources */ = {
			isa = PBXSourcesBuildPhase;
			buildActionMask = 2147483647;
			files = (
				876346031D2A4927005E24D0 /* xTextModifier.swift in Sources */,
				876346041D2A4927005E24D0 /* xTextCommand.swift in Sources */,
				876346021D2A4927005E24D0 /* xTextMatcher.swift in Sources */,
				876346001D2A4927005E24D0 /* xHelper.swift in Sources */,
				876345FF1D2A48B7005E24D0 /* xColor.swift in Sources */,
				876345F41D2A48A7005E24D0 /* xColorExtension.swift in Sources */,
				876345F61D2A48A7005E24D0 /* xColorCommand.swift in Sources */,
				876346011D2A4927005E24D0 /* xTextProtocol.swift in Sources */,
			);
			runOnlyForDeploymentPostprocessing = 0;
		};
		87E376AD1D2A59E200A40FB8 /* Sources */ = {
			isa = PBXSourcesBuildPhase;
			buildActionMask = 2147483647;
			files = (
				87E376B71D2A59E200A40FB8 /* xFormatExtension.swift in Sources */,
				87E376D21D2A5AE900A40FB8 /* xFormat.swift in Sources */,
				87E376CE1D2A5AC000A40FB8 /* xTextMatcher.swift in Sources */,
				87E376CD1D2A5AC000A40FB8 /* xTextProtocol.swift in Sources */,
				87E376D01D2A5AC000A40FB8 /* xTextCommand.swift in Sources */,
				87E376B91D2A59E200A40FB8 /* xFormatCommand.swift in Sources */,
				87E376CF1D2A5AC000A40FB8 /* xTextModifier.swift in Sources */,
				87E376CC1D2A5AC000A40FB8 /* xHelper.swift in Sources */,
			);
			runOnlyForDeploymentPostprocessing = 0;
		};
/* End PBXSourcesBuildPhase section */

/* Begin PBXTargetDependency section */
		87043DF41D2A39D600325485 /* PBXTargetDependency */ = {
			isa = PBXTargetDependency;
			target = 87043DE81D2A39D600325485 /* xRadix */;
			targetProxy = 87043DF31D2A39D600325485 /* PBXContainerItemProxy */;
		};
		8730C1341D29E0E2002E5B56 /* PBXTargetDependency */ = {
			isa = PBXTargetDependency;
			target = 8730C1261D29E0E2002E5B56 /* xEncode */;
			targetProxy = 8730C1331D29E0E2002E5B56 /* PBXContainerItemProxy */;
		};
		8749ECC31D2A55FD00099B9C /* PBXTargetDependency */ = {
			isa = PBXTargetDependency;
			target = 8749ECB71D2A55FD00099B9C /* xSearch */;
			targetProxy = 8749ECC21D2A55FD00099B9C /* PBXContainerItemProxy */;
		};
		876345F91D2A48A7005E24D0 /* PBXTargetDependency */ = {
			isa = PBXTargetDependency;
			target = 876345ED1D2A48A7005E24D0 /* xColor */;
			targetProxy = 876345F81D2A48A7005E24D0 /* PBXContainerItemProxy */;
		};
		87E376BC1D2A59E200A40FB8 /* PBXTargetDependency */ = {
			isa = PBXTargetDependency;
			target = 87E376B01D2A59E200A40FB8 /* xFormat */;
			targetProxy = 87E376BB1D2A59E200A40FB8 /* PBXContainerItemProxy */;
		};
/* End PBXTargetDependency section */

/* Begin PBXVariantGroup section */
		870BF0901D29E04600214968 /* Main.storyboard */ = {
			isa = PBXVariantGroup;
			children = (
				870BF0911D29E04600214968 /* Base */,
			);
			name = Main.storyboard;
			sourceTree = "<group>";
		};
/* End PBXVariantGroup section */

/* Begin XCBuildConfiguration section */
		87043DF71D2A39D600325485 /* Debug */ = {
			isa = XCBuildConfiguration;
			buildSettings = {
				CODE_SIGN_ENTITLEMENTS = xRadix/xRadix.entitlements;
				COMBINE_HIDPI_IMAGES = YES;
				INFOPLIST_FILE = xRadix/Info.plist;
				LD_RUNPATH_SEARCH_PATHS = "$(inherited) @executable_path/../Frameworks @executable_path/../../../../Frameworks";
				MACOSX_DEPLOYMENT_TARGET = 10.11;
				PRODUCT_BUNDLE_IDENTIFIER = app.cyan.xtexthandler.xradix;
				PRODUCT_NAME = "$(TARGET_NAME)";
				SKIP_INSTALL = YES;
				SWIFT_VERSION = 3.0;
			};
			name = Debug;
		};
		87043DF81D2A39D600325485 /* Release */ = {
			isa = XCBuildConfiguration;
			buildSettings = {
				CODE_SIGN_ENTITLEMENTS = xRadix/xRadix.entitlements;
				COMBINE_HIDPI_IMAGES = YES;
				INFOPLIST_FILE = xRadix/Info.plist;
				LD_RUNPATH_SEARCH_PATHS = "$(inherited) @executable_path/../Frameworks @executable_path/../../../../Frameworks";
				MACOSX_DEPLOYMENT_TARGET = 10.11;
				PRODUCT_BUNDLE_IDENTIFIER = app.cyan.xtexthandler.xradix;
				PRODUCT_NAME = "$(TARGET_NAME)";
				SKIP_INSTALL = YES;
				SWIFT_VERSION = 3.0;
			};
			name = Release;
		};
		870BF0941D29E04600214968 /* Debug */ = {
			isa = XCBuildConfiguration;
			buildSettings = {
				ALWAYS_SEARCH_USER_PATHS = NO;
				CLANG_ANALYZER_NONNULL = YES;
				CLANG_CXX_LANGUAGE_STANDARD = "gnu++0x";
				CLANG_CXX_LIBRARY = "libc++";
				CLANG_ENABLE_MODULES = YES;
				CLANG_ENABLE_OBJC_ARC = YES;
				CLANG_WARN_BOOL_CONVERSION = YES;
				CLANG_WARN_CONSTANT_CONVERSION = YES;
				CLANG_WARN_DIRECT_OBJC_ISA_USAGE = YES_ERROR;
				CLANG_WARN_DOCUMENTATION_COMMENTS = YES;
				CLANG_WARN_EMPTY_BODY = YES;
				CLANG_WARN_ENUM_CONVERSION = YES;
				CLANG_WARN_INT_CONVERSION = YES;
				CLANG_WARN_OBJC_ROOT_CLASS = YES_ERROR;
				CLANG_WARN_UNREACHABLE_CODE = YES;
				CLANG_WARN__DUPLICATE_METHOD_MATCH = YES;
				CODE_SIGN_IDENTITY = "-";
				COPY_PHASE_STRIP = NO;
				DEBUG_INFORMATION_FORMAT = dwarf;
				ENABLE_STRICT_OBJC_MSGSEND = YES;
				ENABLE_TESTABILITY = YES;
				GCC_C_LANGUAGE_STANDARD = gnu99;
				GCC_DYNAMIC_NO_PIC = NO;
				GCC_NO_COMMON_BLOCKS = YES;
				GCC_OPTIMIZATION_LEVEL = 0;
				GCC_PREPROCESSOR_DEFINITIONS = (
					"DEBUG=1",
					"$(inherited)",
				);
				GCC_WARN_64_TO_32_BIT_CONVERSION = YES;
				GCC_WARN_ABOUT_RETURN_TYPE = YES_ERROR;
				GCC_WARN_UNDECLARED_SELECTOR = YES;
				GCC_WARN_UNINITIALIZED_AUTOS = YES_AGGRESSIVE;
				GCC_WARN_UNUSED_FUNCTION = YES;
				GCC_WARN_UNUSED_VARIABLE = YES;
				MACOSX_DEPLOYMENT_TARGET = 10.11;
				MTL_ENABLE_DEBUG_INFO = YES;
				ONLY_ACTIVE_ARCH = YES;
				SDKROOT = macosx;
				SWIFT_ACTIVE_COMPILATION_CONDITIONS = DEBUG;
				SWIFT_OPTIMIZATION_LEVEL = "-Onone";
			};
			name = Debug;
		};
		870BF0951D29E04600214968 /* Release */ = {
			isa = XCBuildConfiguration;
			buildSettings = {
				ALWAYS_SEARCH_USER_PATHS = NO;
				CLANG_ANALYZER_NONNULL = YES;
				CLANG_CXX_LANGUAGE_STANDARD = "gnu++0x";
				CLANG_CXX_LIBRARY = "libc++";
				CLANG_ENABLE_MODULES = YES;
				CLANG_ENABLE_OBJC_ARC = YES;
				CLANG_WARN_BOOL_CONVERSION = YES;
				CLANG_WARN_CONSTANT_CONVERSION = YES;
				CLANG_WARN_DIRECT_OBJC_ISA_USAGE = YES_ERROR;
				CLANG_WARN_DOCUMENTATION_COMMENTS = YES;
				CLANG_WARN_EMPTY_BODY = YES;
				CLANG_WARN_ENUM_CONVERSION = YES;
				CLANG_WARN_INT_CONVERSION = YES;
				CLANG_WARN_OBJC_ROOT_CLASS = YES_ERROR;
				CLANG_WARN_UNREACHABLE_CODE = YES;
				CLANG_WARN__DUPLICATE_METHOD_MATCH = YES;
				CODE_SIGN_IDENTITY = "-";
				COPY_PHASE_STRIP = NO;
				DEBUG_INFORMATION_FORMAT = "dwarf-with-dsym";
				ENABLE_NS_ASSERTIONS = NO;
				ENABLE_STRICT_OBJC_MSGSEND = YES;
				GCC_C_LANGUAGE_STANDARD = gnu99;
				GCC_NO_COMMON_BLOCKS = YES;
				GCC_WARN_64_TO_32_BIT_CONVERSION = YES;
				GCC_WARN_ABOUT_RETURN_TYPE = YES_ERROR;
				GCC_WARN_UNDECLARED_SELECTOR = YES;
				GCC_WARN_UNINITIALIZED_AUTOS = YES_AGGRESSIVE;
				GCC_WARN_UNUSED_FUNCTION = YES;
				GCC_WARN_UNUSED_VARIABLE = YES;
				MACOSX_DEPLOYMENT_TARGET = 10.11;
				MTL_ENABLE_DEBUG_INFO = NO;
				SDKROOT = macosx;
				SWIFT_OPTIMIZATION_LEVEL = "-Owholemodule";
			};
			name = Release;
		};
		870BF0971D29E04600214968 /* Debug */ = {
			isa = XCBuildConfiguration;
			buildSettings = {
				ALWAYS_EMBED_SWIFT_STANDARD_LIBRARIES = YES;
				ASSETCATALOG_COMPILER_APPICON_NAME = AppIcon;
				CLANG_ENABLE_MODULES = YES;
				COMBINE_HIDPI_IMAGES = YES;
				INFOPLIST_FILE = xTextHandler/Info.plist;
				LD_RUNPATH_SEARCH_PATHS = "$(inherited) @executable_path/../Frameworks";
				PRODUCT_BUNDLE_IDENTIFIER = app.cyan.xtexthandler;
				PRODUCT_NAME = "$(TARGET_NAME)";
				SWIFT_OBJC_BRIDGING_HEADER = "";
				SWIFT_OPTIMIZATION_LEVEL = "-Onone";
				SWIFT_VERSION = 3.0;
			};
			name = Debug;
		};
		870BF0981D29E04600214968 /* Release */ = {
			isa = XCBuildConfiguration;
			buildSettings = {
				ALWAYS_EMBED_SWIFT_STANDARD_LIBRARIES = YES;
				ASSETCATALOG_COMPILER_APPICON_NAME = AppIcon;
				CLANG_ENABLE_MODULES = YES;
				COMBINE_HIDPI_IMAGES = YES;
				INFOPLIST_FILE = xTextHandler/Info.plist;
				LD_RUNPATH_SEARCH_PATHS = "$(inherited) @executable_path/../Frameworks";
				PRODUCT_BUNDLE_IDENTIFIER = app.cyan.xtexthandler;
				PRODUCT_NAME = "$(TARGET_NAME)";
				SWIFT_OBJC_BRIDGING_HEADER = "";
				SWIFT_VERSION = 3.0;
			};
			name = Release;
		};
		8730C1371D29E0E2002E5B56 /* Debug */ = {
			isa = XCBuildConfiguration;
			buildSettings = {
				CLANG_ENABLE_MODULES = YES;
				CODE_SIGN_ENTITLEMENTS = xEncode/xEncode.entitlements;
				COMBINE_HIDPI_IMAGES = YES;
				INFOPLIST_FILE = xEncode/Info.plist;
				LD_RUNPATH_SEARCH_PATHS = "$(inherited) @executable_path/../Frameworks @executable_path/../../../../Frameworks";
				MACOSX_DEPLOYMENT_TARGET = 10.11;
				PRODUCT_BUNDLE_IDENTIFIER = app.cyan.xtexthandler.xencode;
				PRODUCT_NAME = "$(TARGET_NAME)";
				SKIP_INSTALL = YES;
				SWIFT_OBJC_BRIDGING_HEADER = "xEncode/xEncode-Bridging-Header.h";
				SWIFT_OPTIMIZATION_LEVEL = "-Onone";
				SWIFT_VERSION = 3.0;
			};
			name = Debug;
		};
		8730C1381D29E0E2002E5B56 /* Release */ = {
			isa = XCBuildConfiguration;
			buildSettings = {
				CLANG_ENABLE_MODULES = YES;
				CODE_SIGN_ENTITLEMENTS = xEncode/xEncode.entitlements;
				COMBINE_HIDPI_IMAGES = YES;
				INFOPLIST_FILE = xEncode/Info.plist;
				LD_RUNPATH_SEARCH_PATHS = "$(inherited) @executable_path/../Frameworks @executable_path/../../../../Frameworks";
				MACOSX_DEPLOYMENT_TARGET = 10.11;
				PRODUCT_BUNDLE_IDENTIFIER = app.cyan.xtexthandler.xencode;
				PRODUCT_NAME = "$(TARGET_NAME)";
				SKIP_INSTALL = YES;
				SWIFT_OBJC_BRIDGING_HEADER = "xEncode/xEncode-Bridging-Header.h";
				SWIFT_VERSION = 3.0;
			};
			name = Release;
		};
		8749ECC51D2A55FD00099B9C /* Debug */ = {
			isa = XCBuildConfiguration;
			buildSettings = {
				CODE_SIGN_ENTITLEMENTS = xSearch/xSearch.entitlements;
				COMBINE_HIDPI_IMAGES = YES;
				INFOPLIST_FILE = xSearch/Info.plist;
				LD_RUNPATH_SEARCH_PATHS = "$(inherited) @executable_path/../Frameworks @executable_path/../../../../Frameworks";
				MACOSX_DEPLOYMENT_TARGET = 10.11;
				PRODUCT_BUNDLE_IDENTIFIER = app.cyan.xtexthandler.xsearch;
				PRODUCT_NAME = "$(TARGET_NAME)";
				SKIP_INSTALL = YES;
				SWIFT_VERSION = 3.0;
			};
			name = Debug;
		};
		8749ECC61D2A55FD00099B9C /* Release */ = {
			isa = XCBuildConfiguration;
			buildSettings = {
				CODE_SIGN_ENTITLEMENTS = xSearch/xSearch.entitlements;
				COMBINE_HIDPI_IMAGES = YES;
				INFOPLIST_FILE = xSearch/Info.plist;
				LD_RUNPATH_SEARCH_PATHS = "$(inherited) @executable_path/../Frameworks @executable_path/../../../../Frameworks";
				MACOSX_DEPLOYMENT_TARGET = 10.11;
				PRODUCT_BUNDLE_IDENTIFIER = app.cyan.xtexthandler.xsearch;
				PRODUCT_NAME = "$(TARGET_NAME)";
				SKIP_INSTALL = YES;
				SWIFT_VERSION = 3.0;
			};
			name = Release;
		};
		876345FC1D2A48A7005E24D0 /* Debug */ = {
			isa = XCBuildConfiguration;
			buildSettings = {
				CODE_SIGN_ENTITLEMENTS = xColor/xColor.entitlements;
				COMBINE_HIDPI_IMAGES = YES;
				INFOPLIST_FILE = xColor/Info.plist;
				LD_RUNPATH_SEARCH_PATHS = "$(inherited) @executable_path/../Frameworks @executable_path/../../../../Frameworks";
				MACOSX_DEPLOYMENT_TARGET = 10.11;
				PRODUCT_BUNDLE_IDENTIFIER = app.cyan.xtexthandler.xcolor;
				PRODUCT_NAME = "$(TARGET_NAME)";
				SKIP_INSTALL = YES;
				SWIFT_VERSION = 3.0;
			};
			name = Debug;
		};
		876345FD1D2A48A7005E24D0 /* Release */ = {
			isa = XCBuildConfiguration;
			buildSettings = {
				CODE_SIGN_ENTITLEMENTS = xColor/xColor.entitlements;
				COMBINE_HIDPI_IMAGES = YES;
				INFOPLIST_FILE = xColor/Info.plist;
				LD_RUNPATH_SEARCH_PATHS = "$(inherited) @executable_path/../Frameworks @executable_path/../../../../Frameworks";
				MACOSX_DEPLOYMENT_TARGET = 10.11;
				PRODUCT_BUNDLE_IDENTIFIER = app.cyan.xtexthandler.xcolor;
				PRODUCT_NAME = "$(TARGET_NAME)";
				SKIP_INSTALL = YES;
				SWIFT_VERSION = 3.0;
			};
			name = Release;
		};
		87E376BE1D2A59E200A40FB8 /* Debug */ = {
			isa = XCBuildConfiguration;
			buildSettings = {
				CODE_SIGN_ENTITLEMENTS = xFormat/xFormat.entitlements;
				COMBINE_HIDPI_IMAGES = YES;
				INFOPLIST_FILE = xFormat/Info.plist;
				LD_RUNPATH_SEARCH_PATHS = "$(inherited) @executable_path/../Frameworks @executable_path/../../../../Frameworks";
				MACOSX_DEPLOYMENT_TARGET = 10.11;
				PRODUCT_BUNDLE_IDENTIFIER = app.cyan.xtexthandler.xformat;
				PRODUCT_NAME = "$(TARGET_NAME)";
				SKIP_INSTALL = YES;
				SWIFT_VERSION = 3.0;
			};
			name = Debug;
		};
		87E376BF1D2A59E200A40FB8 /* Release */ = {
			isa = XCBuildConfiguration;
			buildSettings = {
				CODE_SIGN_ENTITLEMENTS = xFormat/xFormat.entitlements;
				COMBINE_HIDPI_IMAGES = YES;
				INFOPLIST_FILE = xFormat/Info.plist;
				LD_RUNPATH_SEARCH_PATHS = "$(inherited) @executable_path/../Frameworks @executable_path/../../../../Frameworks";
				MACOSX_DEPLOYMENT_TARGET = 10.11;
				PRODUCT_BUNDLE_IDENTIFIER = app.cyan.xtexthandler.xformat;
				PRODUCT_NAME = "$(TARGET_NAME)";
				SKIP_INSTALL = YES;
				SWIFT_VERSION = 3.0;
			};
			name = Release;
		};
/* End XCBuildConfiguration section */

/* Begin XCConfigurationList section */
		87043DF61D2A39D600325485 /* Build configuration list for PBXNativeTarget "xRadix" */ = {
			isa = XCConfigurationList;
			buildConfigurations = (
				87043DF71D2A39D600325485 /* Debug */,
				87043DF81D2A39D600325485 /* Release */,
			);
			defaultConfigurationIsVisible = 0;
			defaultConfigurationName = Release;
		};
		870BF0821D29E04600214968 /* Build configuration list for PBXProject "xTextHandler" */ = {
			isa = XCConfigurationList;
			buildConfigurations = (
				870BF0941D29E04600214968 /* Debug */,
				870BF0951D29E04600214968 /* Release */,
			);
			defaultConfigurationIsVisible = 0;
			defaultConfigurationName = Release;
		};
		870BF0961D29E04600214968 /* Build configuration list for PBXNativeTarget "xTextHandler" */ = {
			isa = XCConfigurationList;
			buildConfigurations = (
				870BF0971D29E04600214968 /* Debug */,
				870BF0981D29E04600214968 /* Release */,
			);
			defaultConfigurationIsVisible = 0;
			defaultConfigurationName = Release;
		};
		8730C1361D29E0E2002E5B56 /* Build configuration list for PBXNativeTarget "xEncode" */ = {
			isa = XCConfigurationList;
			buildConfigurations = (
				8730C1371D29E0E2002E5B56 /* Debug */,
				8730C1381D29E0E2002E5B56 /* Release */,
			);
			defaultConfigurationIsVisible = 0;
			defaultConfigurationName = Release;
		};
		8749ECC71D2A55FD00099B9C /* Build configuration list for PBXNativeTarget "xSearch" */ = {
			isa = XCConfigurationList;
			buildConfigurations = (
				8749ECC51D2A55FD00099B9C /* Debug */,
				8749ECC61D2A55FD00099B9C /* Release */,
			);
			defaultConfigurationIsVisible = 0;
			defaultConfigurationName = Release;
		};
		876345FB1D2A48A7005E24D0 /* Build configuration list for PBXNativeTarget "xColor" */ = {
			isa = XCConfigurationList;
			buildConfigurations = (
				876345FC1D2A48A7005E24D0 /* Debug */,
				876345FD1D2A48A7005E24D0 /* Release */,
			);
			defaultConfigurationIsVisible = 0;
			defaultConfigurationName = Release;
		};
		87E376C01D2A59E200A40FB8 /* Build configuration list for PBXNativeTarget "xFormat" */ = {
			isa = XCConfigurationList;
			buildConfigurations = (
				87E376BE1D2A59E200A40FB8 /* Debug */,
				87E376BF1D2A59E200A40FB8 /* Release */,
			);
			defaultConfigurationIsVisible = 0;
			defaultConfigurationName = Release;
		};
/* End XCConfigurationList section */
	};
	rootObject = 870BF07F1D29E04600214968 /* Project object */;
}
